# This file is automatically @generated by Cargo.
# It is not intended for manual editing.
version = 3

[[package]]
name = "chess_cli"
version = "0.1.0"
dependencies = [
 "chess_game",
]

[[package]]
name = "chess_game"
version = "0.1.0"

[[package]]
name = "chess_opening"
version = "0.1.0"

[[package]]
name = "chess_reader"
version = "0.1.0"
